// !$*UTF8*$!
{
	archiveVersion = 1;
	classes = {
	};
	objectVersion = 56;
	objects = {

/* Begin PBXBuildFile section */
		0551878E2BE98BEC00BA0A8A /* MyFirstAppApp.swift in Sources */ = {isa = PBXBuildFile; fileRef = 0551878D2BE98BEC00BA0A8A /* MyFirstAppApp.swift */; };
		055187902BE98BEC00BA0A8A /* ContentView.swift in Sources */ = {isa = PBXBuildFile; fileRef = 0551878F2BE98BEC00BA0A8A /* ContentView.swift */; };
		055187922BE98BED00BA0A8A /* Assets.xcassets in Resources */ = {isa = PBXBuildFile; fileRef = 055187912BE98BED00BA0A8A /* Assets.xcassets */; };
		055187962BE98BED00BA0A8A /* Preview Assets.xcassets in Resources */ = {isa = PBXBuildFile; fileRef = 055187952BE98BED00BA0A8A /* Preview Assets.xcassets */; };
		055187A02BE98BED00BA0A8A /* MyFirstAppTests.swift in Sources */ = {isa = PBXBuildFile; fileRef = 0551879F2BE98BED00BA0A8A /* MyFirstAppTests.swift */; };
		055187AA2BE98BED00BA0A8A /* MyFirstAppUITests.swift in Sources */ = {isa = PBXBuildFile; fileRef = 055187A92BE98BED00BA0A8A /* MyFirstAppUITests.swift */; };
		055187AC2BE98BED00BA0A8A /* MyFirstAppUITestsLaunchTests.swift in Sources */ = {isa = PBXBuildFile; fileRef = 055187AB2BE98BED00BA0A8A /* MyFirstAppUITestsLaunchTests.swift */; };
		055187BC2BEC1CFD00BA0A8A /* AvailableOrderScreen.swift in Sources */ = {isa = PBXBuildFile; fileRef = 055187BB2BEC1CFD00BA0A8A /* AvailableOrderScreen.swift */; };
		055187C02BEC306A00BA0A8A /* MyButton.swift in Sources */ = {isa = PBXBuildFile; fileRef = 055187BF2BEC306A00BA0A8A /* MyButton.swift */; };
		05632E542BFBF2A800BBDD89 /* CreateOrderScreen.swift in Sources */ = {isa = PBXBuildFile; fileRef = 05632E532BFBF2A800BBDD89 /* CreateOrderScreen.swift */; };
		05632E572BFC034000BBDD89 /* Order.swift in Sources */ = {isa = PBXBuildFile; fileRef = 05632E562BFC034000BBDD89 /* Order.swift */; };
		05E125F42BFD48B9009F2415 /* CustomerMainScreen.swift in Sources */ = {isa = PBXBuildFile; fileRef = 05E125F32BFD48B9009F2415 /* CustomerMainScreen.swift */; };
		05E125F62BFD5047009F2415 /* MyCreatedOrders.swift in Sources */ = {isa = PBXBuildFile; fileRef = 05E125F52BFD5047009F2415 /* MyCreatedOrders.swift */; };
		05E125F82BFD5966009F2415 /* ViewOrder.swift in Sources */ = {isa = PBXBuildFile; fileRef = 05E125F72BFD5966009F2415 /* ViewOrder.swift */; };
		05E125FB2C51A84C009F2415 /* FirstPage.swift in Sources */ = {isa = PBXBuildFile; fileRef = 05E125FA2C51A84C009F2415 /* FirstPage.swift */; };
		05E125FD2C51AA14009F2415 /* AppState.swift in Sources */ = {isa = PBXBuildFile; fileRef = 05E125FC2C51AA14009F2415 /* AppState.swift */; };
		05E125FF2C52EE04009F2415 /* Customer.swift in Sources */ = {isa = PBXBuildFile; fileRef = 05E125FE2C52EE04009F2415 /* Customer.swift */; };
		05E126012C52F54E009F2415 /* CustomerList.swift in Sources */ = {isa = PBXBuildFile; fileRef = 05E126002C52F54E009F2415 /* CustomerList.swift */; };
		05E126042C530277009F2415 /* components.swift in Sources */ = {isa = PBXBuildFile; fileRef = 05E126032C530276009F2415 /* components.swift */; };
		05E1260B2C585534009F2415 /* Enums.swift in Sources */ = {isa = PBXBuildFile; fileRef = 05E1260A2C585534009F2415 /* Enums.swift */; };
		05E1260D2C5AA3C5009F2415 /* CustomNavigationLink.swift in Sources */ = {isa = PBXBuildFile; fileRef = 05E1260C2C5AA3C5009F2415 /* CustomNavigationLink.swift */; };
		05E126112C5AE954009F2415 /* DataFlowVids.swift in Sources */ = {isa = PBXBuildFile; fileRef = 05E126102C5AE954009F2415 /* DataFlowVids.swift */; };
		05E126132C5AF182009F2415 /* Route.swift in Sources */ = {isa = PBXBuildFile; fileRef = 05E126122C5AF182009F2415 /* Route.swift */; };
		05E126152C5C44D1009F2415 /* Driver.swift in Sources */ = {isa = PBXBuildFile; fileRef = 05E126142C5C44D1009F2415 /* Driver.swift */; };
		05E126172C5D42A3009F2415 /* OrderCard.swift in Sources */ = {isa = PBXBuildFile; fileRef = 05E126162C5D42A3009F2415 /* OrderCard.swift */; };
		05E1261B2C5D642F009F2415 /* DriverOrderScreen.swift in Sources */ = {isa = PBXBuildFile; fileRef = 05E1261A2C5D642F009F2415 /* DriverOrderScreen.swift */; };
		05E1261D2C5D85AF009F2415 /* MyChip.swift in Sources */ = {isa = PBXBuildFile; fileRef = 05E1261C2C5D85AF009F2415 /* MyChip.swift */; };
/* End PBXBuildFile section */

/* Begin PBXContainerItemProxy section */
		0551879C2BE98BED00BA0A8A /* PBXContainerItemProxy */ = {
			isa = PBXContainerItemProxy;
			containerPortal = 055187822BE98BEC00BA0A8A /* Project object */;
			proxyType = 1;
			remoteGlobalIDString = 055187892BE98BEC00BA0A8A;
			remoteInfo = MyFirstApp;
		};
		055187A62BE98BED00BA0A8A /* PBXContainerItemProxy */ = {
			isa = PBXContainerItemProxy;
			containerPortal = 055187822BE98BEC00BA0A8A /* Project object */;
			proxyType = 1;
			remoteGlobalIDString = 055187892BE98BEC00BA0A8A;
			remoteInfo = MyFirstApp;
		};
/* End PBXContainerItemProxy section */

/* Begin PBXFileReference section */
		0551878A2BE98BEC00BA0A8A /* MyFirstApp.app */ = {isa = PBXFileReference; explicitFileType = wrapper.application; includeInIndex = 0; path = MyFirstApp.app; sourceTree = BUILT_PRODUCTS_DIR; };
		0551878D2BE98BEC00BA0A8A /* MyFirstAppApp.swift */ = {isa = PBXFileReference; lastKnownFileType = sourcecode.swift; path = MyFirstAppApp.swift; sourceTree = "<group>"; };
		0551878F2BE98BEC00BA0A8A /* ContentView.swift */ = {isa = PBXFileReference; lastKnownFileType = sourcecode.swift; path = ContentView.swift; sourceTree = "<group>"; };
		055187912BE98BED00BA0A8A /* Assets.xcassets */ = {isa = PBXFileReference; lastKnownFileType = folder.assetcatalog; path = Assets.xcassets; sourceTree = "<group>"; };
		055187932BE98BED00BA0A8A /* MyFirstApp.entitlements */ = {isa = PBXFileReference; lastKnownFileType = text.plist.entitlements; path = MyFirstApp.entitlements; sourceTree = "<group>"; };
		055187952BE98BED00BA0A8A /* Preview Assets.xcassets */ = {isa = PBXFileReference; lastKnownFileType = folder.assetcatalog; path = "Preview Assets.xcassets"; sourceTree = "<group>"; };
		0551879B2BE98BED00BA0A8A /* MyFirstAppTests.xctest */ = {isa = PBXFileReference; explicitFileType = wrapper.cfbundle; includeInIndex = 0; path = MyFirstAppTests.xctest; sourceTree = BUILT_PRODUCTS_DIR; };
		0551879F2BE98BED00BA0A8A /* MyFirstAppTests.swift */ = {isa = PBXFileReference; lastKnownFileType = sourcecode.swift; path = MyFirstAppTests.swift; sourceTree = "<group>"; };
		055187A52BE98BED00BA0A8A /* MyFirstAppUITests.xctest */ = {isa = PBXFileReference; explicitFileType = wrapper.cfbundle; includeInIndex = 0; path = MyFirstAppUITests.xctest; sourceTree = BUILT_PRODUCTS_DIR; };
		055187A92BE98BED00BA0A8A /* MyFirstAppUITests.swift */ = {isa = PBXFileReference; lastKnownFileType = sourcecode.swift; path = MyFirstAppUITests.swift; sourceTree = "<group>"; };
		055187AB2BE98BED00BA0A8A /* MyFirstAppUITestsLaunchTests.swift */ = {isa = PBXFileReference; lastKnownFileType = sourcecode.swift; path = MyFirstAppUITestsLaunchTests.swift; sourceTree = "<group>"; };
		055187BB2BEC1CFD00BA0A8A /* AvailableOrderScreen.swift */ = {isa = PBXFileReference; lastKnownFileType = sourcecode.swift; path = AvailableOrderScreen.swift; sourceTree = "<group>"; };
		055187BF2BEC306A00BA0A8A /* MyButton.swift */ = {isa = PBXFileReference; lastKnownFileType = sourcecode.swift; path = MyButton.swift; sourceTree = "<group>"; };
		05632E532BFBF2A800BBDD89 /* CreateOrderScreen.swift */ = {isa = PBXFileReference; lastKnownFileType = sourcecode.swift; path = CreateOrderScreen.swift; sourceTree = "<group>"; };
		05632E562BFC034000BBDD89 /* Order.swift */ = {isa = PBXFileReference; lastKnownFileType = sourcecode.swift; path = Order.swift; sourceTree = "<group>"; };
		05E125F32BFD48B9009F2415 /* CustomerMainScreen.swift */ = {isa = PBXFileReference; lastKnownFileType = sourcecode.swift; path = CustomerMainScreen.swift; sourceTree = "<group>"; };
		05E125F52BFD5047009F2415 /* MyCreatedOrders.swift */ = {isa = PBXFileReference; lastKnownFileType = sourcecode.swift; path = MyCreatedOrders.swift; sourceTree = "<group>"; };
		05E125F72BFD5966009F2415 /* ViewOrder.swift */ = {isa = PBXFileReference; lastKnownFileType = sourcecode.swift; path = ViewOrder.swift; sourceTree = "<group>"; };
		05E125FA2C51A84C009F2415 /* FirstPage.swift */ = {isa = PBXFileReference; lastKnownFileType = sourcecode.swift; path = FirstPage.swift; sourceTree = "<group>"; };
		05E125FC2C51AA14009F2415 /* AppState.swift */ = {isa = PBXFileReference; lastKnownFileType = sourcecode.swift; path = AppState.swift; sourceTree = "<group>"; };
		05E125FE2C52EE04009F2415 /* Customer.swift */ = {isa = PBXFileReference; lastKnownFileType = sourcecode.swift; path = Customer.swift; sourceTree = "<group>"; };
		05E126002C52F54E009F2415 /* CustomerList.swift */ = {isa = PBXFileReference; lastKnownFileType = sourcecode.swift; path = CustomerList.swift; sourceTree = "<group>"; };
		05E126032C530276009F2415 /* components.swift */ = {isa = PBXFileReference; lastKnownFileType = sourcecode.swift; path = components.swift; sourceTree = "<group>"; };
		05E1260A2C585534009F2415 /* Enums.swift */ = {isa = PBXFileReference; lastKnownFileType = sourcecode.swift; path = Enums.swift; sourceTree = "<group>"; };
		05E1260C2C5AA3C5009F2415 /* CustomNavigationLink.swift */ = {isa = PBXFileReference; lastKnownFileType = sourcecode.swift; path = CustomNavigationLink.swift; sourceTree = "<group>"; };
		05E126102C5AE954009F2415 /* DataFlowVids.swift */ = {isa = PBXFileReference; lastKnownFileType = sourcecode.swift; path = DataFlowVids.swift; sourceTree = "<group>"; };
		05E126122C5AF182009F2415 /* Route.swift */ = {isa = PBXFileReference; lastKnownFileType = sourcecode.swift; path = Route.swift; sourceTree = "<group>"; };
		05E126142C5C44D1009F2415 /* Driver.swift */ = {isa = PBXFileReference; lastKnownFileType = sourcecode.swift; path = Driver.swift; sourceTree = "<group>"; };
		05E126162C5D42A3009F2415 /* OrderCard.swift */ = {isa = PBXFileReference; lastKnownFileType = sourcecode.swift; path = OrderCard.swift; sourceTree = "<group>"; };
		05E1261A2C5D642F009F2415 /* DriverOrderScreen.swift */ = {isa = PBXFileReference; lastKnownFileType = sourcecode.swift; path = DriverOrderScreen.swift; sourceTree = "<group>"; };
		05E1261C2C5D85AF009F2415 /* MyChip.swift */ = {isa = PBXFileReference; lastKnownFileType = sourcecode.swift; path = MyChip.swift; sourceTree = "<group>"; };
/* End PBXFileReference section */

/* Begin PBXFrameworksBuildPhase section */
		055187872BE98BEC00BA0A8A /* Frameworks */ = {
			isa = PBXFrameworksBuildPhase;
			buildActionMask = 2147483647;
			files = (
			);
			runOnlyForDeploymentPostprocessing = 0;
		};
		055187982BE98BED00BA0A8A /* Frameworks */ = {
			isa = PBXFrameworksBuildPhase;
			buildActionMask = 2147483647;
			files = (
			);
			runOnlyForDeploymentPostprocessing = 0;
		};
		055187A22BE98BED00BA0A8A /* Frameworks */ = {
			isa = PBXFrameworksBuildPhase;
			buildActionMask = 2147483647;
			files = (
			);
			runOnlyForDeploymentPostprocessing = 0;
		};
/* End PBXFrameworksBuildPhase section */

/* Begin PBXGroup section */
		055187812BE98BEC00BA0A8A = {
			isa = PBXGroup;
			children = (
				05E126102C5AE954009F2415 /* DataFlowVids.swift */,
				0551878C2BE98BEC00BA0A8A /* MyFirstApp */,
				0551879E2BE98BED00BA0A8A /* MyFirstAppTests */,
				055187A82BE98BED00BA0A8A /* MyFirstAppUITests */,
				0551878B2BE98BEC00BA0A8A /* Products */,
			);
			sourceTree = "<group>";
		};
		0551878B2BE98BEC00BA0A8A /* Products */ = {
			isa = PBXGroup;
			children = (
				0551878A2BE98BEC00BA0A8A /* MyFirstApp.app */,
				0551879B2BE98BED00BA0A8A /* MyFirstAppTests.xctest */,
				055187A52BE98BED00BA0A8A /* MyFirstAppUITests.xctest */,
			);
			name = Products;
			sourceTree = "<group>";
		};
		0551878C2BE98BEC00BA0A8A /* MyFirstApp */ = {
			isa = PBXGroup;
			children = (
				05E126022C53024A009F2415 /* Designs */,
				05E125F92C51A825009F2415 /* Shared */,
				05632E552BFC02F000BBDD89 /* Models */,
				05632E522BFBF21A00BBDD89 /* Customer */,
				055187BE2BEC303400BA0A8A /* Components */,
				055187BD2BEC301100BA0A8A /* UI components */,
				055187BA2BEC1C7E00BA0A8A /* Driver */,
				0551878D2BE98BEC00BA0A8A /* MyFirstAppApp.swift */,
				0551878F2BE98BEC00BA0A8A /* ContentView.swift */,
				055187912BE98BED00BA0A8A /* Assets.xcassets */,
				055187932BE98BED00BA0A8A /* MyFirstApp.entitlements */,
				055187942BE98BED00BA0A8A /* Preview Content */,
			);
			path = MyFirstApp;
			sourceTree = "<group>";
		};
		055187942BE98BED00BA0A8A /* Preview Content */ = {
			isa = PBXGroup;
			children = (
				055187952BE98BED00BA0A8A /* Preview Assets.xcassets */,
			);
			path = "Preview Content";
			sourceTree = "<group>";
		};
		0551879E2BE98BED00BA0A8A /* MyFirstAppTests */ = {
			isa = PBXGroup;
			children = (
				0551879F2BE98BED00BA0A8A /* MyFirstAppTests.swift */,
			);
			path = MyFirstAppTests;
			sourceTree = "<group>";
		};
		055187A82BE98BED00BA0A8A /* MyFirstAppUITests */ = {
			isa = PBXGroup;
			children = (
				055187A92BE98BED00BA0A8A /* MyFirstAppUITests.swift */,
				055187AB2BE98BED00BA0A8A /* MyFirstAppUITestsLaunchTests.swift */,
			);
			path = MyFirstAppUITests;
			sourceTree = "<group>";
		};
		055187BA2BEC1C7E00BA0A8A /* Driver */ = {
			isa = PBXGroup;
			children = (
				055187BB2BEC1CFD00BA0A8A /* AvailableOrderScreen.swift */,
				05E1261A2C5D642F009F2415 /* DriverOrderScreen.swift */,
			);
			path = Driver;
			sourceTree = "<group>";
		};
		055187BD2BEC301100BA0A8A /* UI components */ = {
			isa = PBXGroup;
			children = (
				055187BF2BEC306A00BA0A8A /* MyButton.swift */,
				05E1260C2C5AA3C5009F2415 /* CustomNavigationLink.swift */,
				05E1261C2C5D85AF009F2415 /* MyChip.swift */,
			);
			path = "UI components";
			sourceTree = "<group>";
		};
		055187BE2BEC303400BA0A8A /* Components */ = {
			isa = PBXGroup;
			children = (
				05E126162C5D42A3009F2415 /* OrderCard.swift */,
			);
			path = Components;
			sourceTree = "<group>";
		};
		05632E522BFBF21A00BBDD89 /* Customer */ = {
			isa = PBXGroup;
			children = (
				05632E532BFBF2A800BBDD89 /* CreateOrderScreen.swift */,
				05E126002C52F54E009F2415 /* CustomerList.swift */,
				05E125F32BFD48B9009F2415 /* CustomerMainScreen.swift */,
				05E125F52BFD5047009F2415 /* MyCreatedOrders.swift */,
				05E125F72BFD5966009F2415 /* ViewOrder.swift */,
			);
			path = Customer;
			sourceTree = "<group>";
		};
		05632E552BFC02F000BBDD89 /* Models */ = {
			isa = PBXGroup;
			children = (
				05632E562BFC034000BBDD89 /* Order.swift */,
				05E125FE2C52EE04009F2415 /* Customer.swift */,
				05E126122C5AF182009F2415 /* Route.swift */,
				05E125FC2C51AA14009F2415 /* AppState.swift */,
				05E1260A2C585534009F2415 /* Enums.swift */,
				05E126142C5C44D1009F2415 /* Driver.swift */,
			);
			path = Models;
			sourceTree = "<group>";
		};
		05E125F92C51A825009F2415 /* Shared */ = {
			isa = PBXGroup;
			children = (
				05E125FA2C51A84C009F2415 /* FirstPage.swift */,
			);
			path = Shared;
			sourceTree = "<group>";
		};
		05E126022C53024A009F2415 /* Designs */ = {
			isa = PBXGroup;
			children = (
				05E126032C530276009F2415 /* components.swift */,
			);
			path = Designs;
			sourceTree = "<group>";
		};
/* End PBXGroup section */

/* Begin PBXNativeTarget section */
		055187892BE98BEC00BA0A8A /* MyFirstApp */ = {
			isa = PBXNativeTarget;
			buildConfigurationList = 055187AF2BE98BED00BA0A8A /* Build configuration list for PBXNativeTarget "MyFirstApp" */;
			buildPhases = (
				055187862BE98BEC00BA0A8A /* Sources */,
				055187872BE98BEC00BA0A8A /* Frameworks */,
				055187882BE98BEC00BA0A8A /* Resources */,
			);
			buildRules = (
			);
			dependencies = (
			);
			name = MyFirstApp;
			productName = MyFirstApp;
			productReference = 0551878A2BE98BEC00BA0A8A /* MyFirstApp.app */;
			productType = "com.apple.product-type.application";
		};
		0551879A2BE98BED00BA0A8A /* MyFirstAppTests */ = {
			isa = PBXNativeTarget;
			buildConfigurationList = 055187B22BE98BED00BA0A8A /* Build configuration list for PBXNativeTarget "MyFirstAppTests" */;
			buildPhases = (
				055187972BE98BED00BA0A8A /* Sources */,
				055187982BE98BED00BA0A8A /* Frameworks */,
				055187992BE98BED00BA0A8A /* Resources */,
			);
			buildRules = (
			);
			dependencies = (
				0551879D2BE98BED00BA0A8A /* PBXTargetDependency */,
			);
			name = MyFirstAppTests;
			productName = MyFirstAppTests;
			productReference = 0551879B2BE98BED00BA0A8A /* MyFirstAppTests.xctest */;
			productType = "com.apple.product-type.bundle.unit-test";
		};
		055187A42BE98BED00BA0A8A /* MyFirstAppUITests */ = {
			isa = PBXNativeTarget;
			buildConfigurationList = 055187B52BE98BED00BA0A8A /* Build configuration list for PBXNativeTarget "MyFirstAppUITests" */;
			buildPhases = (
				055187A12BE98BED00BA0A8A /* Sources */,
				055187A22BE98BED00BA0A8A /* Frameworks */,
				055187A32BE98BED00BA0A8A /* Resources */,
			);
			buildRules = (
			);
			dependencies = (
				055187A72BE98BED00BA0A8A /* PBXTargetDependency */,
			);
			name = MyFirstAppUITests;
			productName = MyFirstAppUITests;
			productReference = 055187A52BE98BED00BA0A8A /* MyFirstAppUITests.xctest */;
			productType = "com.apple.product-type.bundle.ui-testing";
		};
/* End PBXNativeTarget section */

/* Begin PBXProject section */
		055187822BE98BEC00BA0A8A /* Project object */ = {
			isa = PBXProject;
			attributes = {
				BuildIndependentTargetsInParallel = 1;
				LastSwiftUpdateCheck = 1510;
				LastUpgradeCheck = 1510;
				TargetAttributes = {
					055187892BE98BEC00BA0A8A = {
						CreatedOnToolsVersion = 15.1;
					};
					0551879A2BE98BED00BA0A8A = {
						CreatedOnToolsVersion = 15.1;
						TestTargetID = 055187892BE98BEC00BA0A8A;
					};
					055187A42BE98BED00BA0A8A = {
						CreatedOnToolsVersion = 15.1;
						TestTargetID = 055187892BE98BEC00BA0A8A;
					};
				};
			};
			buildConfigurationList = 055187852BE98BEC00BA0A8A /* Build configuration list for PBXProject "MyFirstApp" */;
			compatibilityVersion = "Xcode 14.0";
			developmentRegion = en;
			hasScannedForEncodings = 0;
			knownRegions = (
				en,
				Base,
			);
			mainGroup = 055187812BE98BEC00BA0A8A;
			productRefGroup = 0551878B2BE98BEC00BA0A8A /* Products */;
			projectDirPath = "";
			projectRoot = "";
			targets = (
				055187892BE98BEC00BA0A8A /* MyFirstApp */,
				0551879A2BE98BED00BA0A8A /* MyFirstAppTests */,
				055187A42BE98BED00BA0A8A /* MyFirstAppUITests */,
			);
		};
/* End PBXProject section */

/* Begin PBXResourcesBuildPhase section */
		055187882BE98BEC00BA0A8A /* Resources */ = {
			isa = PBXResourcesBuildPhase;
			buildActionMask = 2147483647;
			files = (
				055187962BE98BED00BA0A8A /* Preview Assets.xcassets in Resources */,
				055187922BE98BED00BA0A8A /* Assets.xcassets in Resources */,
			);
			runOnlyForDeploymentPostprocessing = 0;
		};
		055187992BE98BED00BA0A8A /* Resources */ = {
			isa = PBXResourcesBuildPhase;
			buildActionMask = 2147483647;
			files = (
			);
			runOnlyForDeploymentPostprocessing = 0;
		};
		055187A32BE98BED00BA0A8A /* Resources */ = {
			isa = PBXResourcesBuildPhase;
			buildActionMask = 2147483647;
			files = (
			);
			runOnlyForDeploymentPostprocessing = 0;
		};
/* End PBXResourcesBuildPhase section */

/* Begin PBXSourcesBuildPhase section */
		055187862BE98BEC00BA0A8A /* Sources */ = {
			isa = PBXSourcesBuildPhase;
			buildActionMask = 2147483647;
			files = (
				05E125F82BFD5966009F2415 /* ViewOrder.swift in Sources */,
				05E1261D2C5D85AF009F2415 /* MyChip.swift in Sources */,
				05E125FB2C51A84C009F2415 /* FirstPage.swift in Sources */,
				05E1261B2C5D642F009F2415 /* DriverOrderScreen.swift in Sources */,
				05632E572BFC034000BBDD89 /* Order.swift in Sources */,
				05E125FF2C52EE04009F2415 /* Customer.swift in Sources */,
				05632E542BFBF2A800BBDD89 /* CreateOrderScreen.swift in Sources */,
				055187BC2BEC1CFD00BA0A8A /* AvailableOrderScreen.swift in Sources */,
				05E126112C5AE954009F2415 /* DataFlowVids.swift in Sources */,
				05E126152C5C44D1009F2415 /* Driver.swift in Sources */,
				05E126172C5D42A3009F2415 /* OrderCard.swift in Sources */,
				055187902BE98BEC00BA0A8A /* ContentView.swift in Sources */,
				05E126042C530277009F2415 /* components.swift in Sources */,
				05E126132C5AF182009F2415 /* Route.swift in Sources */,
				05E126012C52F54E009F2415 /* CustomerList.swift in Sources */,
				05E125FD2C51AA14009F2415 /* AppState.swift in Sources */,
				05E125F42BFD48B9009F2415 /* CustomerMainScreen.swift in Sources */,
				05E125F62BFD5047009F2415 /* MyCreatedOrders.swift in Sources */,
				0551878E2BE98BEC00BA0A8A /* MyFirstAppApp.swift in Sources */,
				05E1260B2C585534009F2415 /* Enums.swift in Sources */,
				05E1260D2C5AA3C5009F2415 /* CustomNavigationLink.swift in Sources */,
				055187C02BEC306A00BA0A8A /* MyButton.swift in Sources */,
			);
			runOnlyForDeploymentPostprocessing = 0;
		};
		055187972BE98BED00BA0A8A /* Sources */ = {
			isa = PBXSourcesBuildPhase;
			buildActionMask = 2147483647;
			files = (
				055187A02BE98BED00BA0A8A /* MyFirstAppTests.swift in Sources */,
			);
			runOnlyForDeploymentPostprocessing = 0;
		};
		055187A12BE98BED00BA0A8A /* Sources */ = {
			isa = PBXSourcesBuildPhase;
			buildActionMask = 2147483647;
			files = (
				055187AA2BE98BED00BA0A8A /* MyFirstAppUITests.swift in Sources */,
				055187AC2BE98BED00BA0A8A /* MyFirstAppUITestsLaunchTests.swift in Sources */,
			);
			runOnlyForDeploymentPostprocessing = 0;
		};
/* End PBXSourcesBuildPhase section */

/* Begin PBXTargetDependency section */
		0551879D2BE98BED00BA0A8A /* PBXTargetDependency */ = {
			isa = PBXTargetDependency;
			target = 055187892BE98BEC00BA0A8A /* MyFirstApp */;
			targetProxy = 0551879C2BE98BED00BA0A8A /* PBXContainerItemProxy */;
		};
		055187A72BE98BED00BA0A8A /* PBXTargetDependency */ = {
			isa = PBXTargetDependency;
			target = 055187892BE98BEC00BA0A8A /* MyFirstApp */;
			targetProxy = 055187A62BE98BED00BA0A8A /* PBXContainerItemProxy */;
		};
/* End PBXTargetDependency section */

/* Begin XCBuildConfiguration section */
		055187AD2BE98BED00BA0A8A /* Debug */ = {
			isa = XCBuildConfiguration;
			buildSettings = {
				ALWAYS_SEARCH_USER_PATHS = NO;
				ASSETCATALOG_COMPILER_GENERATE_SWIFT_ASSET_SYMBOL_EXTENSIONS = YES;
				CLANG_ANALYZER_NONNULL = YES;
				CLANG_ANALYZER_NUMBER_OBJECT_CONVERSION = YES_AGGRESSIVE;
				CLANG_CXX_LANGUAGE_STANDARD = "gnu++20";
				CLANG_ENABLE_MODULES = YES;
				CLANG_ENABLE_OBJC_ARC = YES;
				CLANG_ENABLE_OBJC_WEAK = YES;
				CLANG_WARN_BLOCK_CAPTURE_AUTORELEASING = YES;
				CLANG_WARN_BOOL_CONVERSION = YES;
				CLANG_WARN_COMMA = YES;
				CLANG_WARN_CONSTANT_CONVERSION = YES;
				CLANG_WARN_DEPRECATED_OBJC_IMPLEMENTATIONS = YES;
				CLANG_WARN_DIRECT_OBJC_ISA_USAGE = YES_ERROR;
				CLANG_WARN_DOCUMENTATION_COMMENTS = YES;
				CLANG_WARN_EMPTY_BODY = YES;
				CLANG_WARN_ENUM_CONVERSION = YES;
				CLANG_WARN_INFINITE_RECURSION = YES;
				CLANG_WARN_INT_CONVERSION = YES;
				CLANG_WARN_NON_LITERAL_NULL_CONVERSION = YES;
				CLANG_WARN_OBJC_IMPLICIT_RETAIN_SELF = YES;
				CLANG_WARN_OBJC_LITERAL_CONVERSION = YES;
				CLANG_WARN_OBJC_ROOT_CLASS = YES_ERROR;
				CLANG_WARN_QUOTED_INCLUDE_IN_FRAMEWORK_HEADER = YES;
				CLANG_WARN_RANGE_LOOP_ANALYSIS = YES;
				CLANG_WARN_STRICT_PROTOTYPES = YES;
				CLANG_WARN_SUSPICIOUS_MOVE = YES;
				CLANG_WARN_UNGUARDED_AVAILABILITY = YES_AGGRESSIVE;
				CLANG_WARN_UNREACHABLE_CODE = YES;
				CLANG_WARN__DUPLICATE_METHOD_MATCH = YES;
				COPY_PHASE_STRIP = NO;
				DEBUG_INFORMATION_FORMAT = dwarf;
				ENABLE_STRICT_OBJC_MSGSEND = YES;
				ENABLE_TESTABILITY = YES;
				ENABLE_USER_SCRIPT_SANDBOXING = YES;
				GCC_C_LANGUAGE_STANDARD = gnu17;
				GCC_DYNAMIC_NO_PIC = NO;
				GCC_NO_COMMON_BLOCKS = YES;
				GCC_OPTIMIZATION_LEVEL = 0;
				GCC_PREPROCESSOR_DEFINITIONS = (
					"DEBUG=1",
					"$(inherited)",
				);
				GCC_WARN_64_TO_32_BIT_CONVERSION = YES;
				GCC_WARN_ABOUT_RETURN_TYPE = YES_ERROR;
				GCC_WARN_UNDECLARED_SELECTOR = YES;
				GCC_WARN_UNINITIALIZED_AUTOS = YES_AGGRESSIVE;
				GCC_WARN_UNUSED_FUNCTION = YES;
				GCC_WARN_UNUSED_VARIABLE = YES;
				LOCALIZATION_PREFERS_STRING_CATALOGS = YES;
				MTL_ENABLE_DEBUG_INFO = INCLUDE_SOURCE;
				MTL_FAST_MATH = YES;
				ONLY_ACTIVE_ARCH = YES;
				SWIFT_ACTIVE_COMPILATION_CONDITIONS = "DEBUG $(inherited)";
				SWIFT_OPTIMIZATION_LEVEL = "-Onone";
			};
			name = Debug;
		};
		055187AE2BE98BED00BA0A8A /* Release */ = {
			isa = XCBuildConfiguration;
			buildSettings = {
				ALWAYS_SEARCH_USER_PATHS = NO;
				ASSETCATALOG_COMPILER_GENERATE_SWIFT_ASSET_SYMBOL_EXTENSIONS = YES;
				CLANG_ANALYZER_NONNULL = YES;
				CLANG_ANALYZER_NUMBER_OBJECT_CONVERSION = YES_AGGRESSIVE;
				CLANG_CXX_LANGUAGE_STANDARD = "gnu++20";
				CLANG_ENABLE_MODULES = YES;
				CLANG_ENABLE_OBJC_ARC = YES;
				CLANG_ENABLE_OBJC_WEAK = YES;
				CLANG_WARN_BLOCK_CAPTURE_AUTORELEASING = YES;
				CLANG_WARN_BOOL_CONVERSION = YES;
				CLANG_WARN_COMMA = YES;
				CLANG_WARN_CONSTANT_CONVERSION = YES;
				CLANG_WARN_DEPRECATED_OBJC_IMPLEMENTATIONS = YES;
				CLANG_WARN_DIRECT_OBJC_ISA_USAGE = YES_ERROR;
				CLANG_WARN_DOCUMENTATION_COMMENTS = YES;
				CLANG_WARN_EMPTY_BODY = YES;
				CLANG_WARN_ENUM_CONVERSION = YES;
				CLANG_WARN_INFINITE_RECURSION = YES;
				CLANG_WARN_INT_CONVERSION = YES;
				CLANG_WARN_NON_LITERAL_NULL_CONVERSION = YES;
				CLANG_WARN_OBJC_IMPLICIT_RETAIN_SELF = YES;
				CLANG_WARN_OBJC_LITERAL_CONVERSION = YES;
				CLANG_WARN_OBJC_ROOT_CLASS = YES_ERROR;
				CLANG_WARN_QUOTED_INCLUDE_IN_FRAMEWORK_HEADER = YES;
				CLANG_WARN_RANGE_LOOP_ANALYSIS = YES;
				CLANG_WARN_STRICT_PROTOTYPES = YES;
				CLANG_WARN_SUSPICIOUS_MOVE = YES;
				CLANG_WARN_UNGUARDED_AVAILABILITY = YES_AGGRESSIVE;
				CLANG_WARN_UNREACHABLE_CODE = YES;
				CLANG_WARN__DUPLICATE_METHOD_MATCH = YES;
				COPY_PHASE_STRIP = NO;
				DEBUG_INFORMATION_FORMAT = "dwarf-with-dsym";
				ENABLE_NS_ASSERTIONS = NO;
				ENABLE_STRICT_OBJC_MSGSEND = YES;
				ENABLE_USER_SCRIPT_SANDBOXING = YES;
				GCC_C_LANGUAGE_STANDARD = gnu17;
				GCC_NO_COMMON_BLOCKS = YES;
				GCC_WARN_64_TO_32_BIT_CONVERSION = YES;
				GCC_WARN_ABOUT_RETURN_TYPE = YES_ERROR;
				GCC_WARN_UNDECLARED_SELECTOR = YES;
				GCC_WARN_UNINITIALIZED_AUTOS = YES_AGGRESSIVE;
				GCC_WARN_UNUSED_FUNCTION = YES;
				GCC_WARN_UNUSED_VARIABLE = YES;
				LOCALIZATION_PREFERS_STRING_CATALOGS = YES;
				MTL_ENABLE_DEBUG_INFO = NO;
				MTL_FAST_MATH = YES;
				SWIFT_COMPILATION_MODE = wholemodule;
			};
			name = Release;
		};
		055187B02BE98BED00BA0A8A /* Debug */ = {
			isa = XCBuildConfiguration;
			buildSettings = {
				ASSETCATALOG_COMPILER_APPICON_NAME = AppIcon;
				ASSETCATALOG_COMPILER_GLOBAL_ACCENT_COLOR_NAME = AccentColor;
				CODE_SIGN_ENTITLEMENTS = MyFirstApp/MyFirstApp.entitlements;
				CODE_SIGN_STYLE = Automatic;
				CURRENT_PROJECT_VERSION = 1;
				DEVELOPMENT_ASSET_PATHS = "\"MyFirstApp/Preview Content\"";
				DEVELOPMENT_TEAM = G76N79N93U;
				ENABLE_HARDENED_RUNTIME = YES;
				ENABLE_PREVIEWS = YES;
				GENERATE_INFOPLIST_FILE = YES;
				"INFOPLIST_KEY_UIApplicationSceneManifest_Generation[sdk=iphoneos*]" = YES;
				"INFOPLIST_KEY_UIApplicationSceneManifest_Generation[sdk=iphonesimulator*]" = YES;
				"INFOPLIST_KEY_UIApplicationSupportsIndirectInputEvents[sdk=iphoneos*]" = YES;
				"INFOPLIST_KEY_UIApplicationSupportsIndirectInputEvents[sdk=iphonesimulator*]" = YES;
				"INFOPLIST_KEY_UILaunchScreen_Generation[sdk=iphoneos*]" = YES;
				"INFOPLIST_KEY_UILaunchScreen_Generation[sdk=iphonesimulator*]" = YES;
				"INFOPLIST_KEY_UIStatusBarStyle[sdk=iphoneos*]" = UIStatusBarStyleDefault;
				"INFOPLIST_KEY_UIStatusBarStyle[sdk=iphonesimulator*]" = UIStatusBarStyleDefault;
				INFOPLIST_KEY_UISupportedInterfaceOrientations_iPad = "UIInterfaceOrientationPortrait UIInterfaceOrientationPortraitUpsideDown UIInterfaceOrientationLandscapeLeft UIInterfaceOrientationLandscapeRight";
				INFOPLIST_KEY_UISupportedInterfaceOrientations_iPhone = "UIInterfaceOrientationPortrait UIInterfaceOrientationLandscapeLeft UIInterfaceOrientationLandscapeRight";
				IPHONEOS_DEPLOYMENT_TARGET = 17.2;
				LD_RUNPATH_SEARCH_PATHS = "@executable_path/Frameworks";
				"LD_RUNPATH_SEARCH_PATHS[sdk=macosx*]" = "@executable_path/../Frameworks";
				MACOSX_DEPLOYMENT_TARGET = 14.1;
				MARKETING_VERSION = 1.0;
				PRODUCT_BUNDLE_IDENTIFIER = name.joshuawilson.MyFirstApp;
				PRODUCT_NAME = "$(TARGET_NAME)";
				SDKROOT = auto;
				SUPPORTED_PLATFORMS = "iphoneos iphonesimulator macosx";
				SWIFT_EMIT_LOC_STRINGS = YES;
				SWIFT_VERSION = 5.0;
				TARGETED_DEVICE_FAMILY = "1,2";
			};
			name = Debug;
		};
		055187B12BE98BED00BA0A8A /* Release */ = {
			isa = XCBuildConfiguration;
			buildSettings = {
				ASSETCATALOG_COMPILER_APPICON_NAME = AppIcon;
				ASSETCATALOG_COMPILER_GLOBAL_ACCENT_COLOR_NAME = AccentColor;
				CODE_SIGN_ENTITLEMENTS = MyFirstApp/MyFirstApp.entitlements;
				CODE_SIGN_STYLE = Automatic;
				CURRENT_PROJECT_VERSION = 1;
				DEVELOPMENT_ASSET_PATHS = "\"MyFirstApp/Preview Content\"";
				DEVELOPMENT_TEAM = G76N79N93U;
				ENABLE_HARDENED_RUNTIME = YES;
				ENABLE_PREVIEWS = YES;
				GENERATE_INFOPLIST_FILE = YES;
				"INFOPLIST_KEY_UIApplicationSceneManifest_Generation[sdk=iphoneos*]" = YES;
				"INFOPLIST_KEY_UIApplicationSceneManifest_Generation[sdk=iphonesimulator*]" = YES;
				"INFOPLIST_KEY_UIApplicationSupportsIndirectInputEvents[sdk=iphoneos*]" = YES;
				"INFOPLIST_KEY_UIApplicationSupportsIndirectInputEvents[sdk=iphonesimulator*]" = YES;
				"INFOPLIST_KEY_UILaunchScreen_Generation[sdk=iphoneos*]" = YES;
				"INFOPLIST_KEY_UILaunchScreen_Generation[sdk=iphonesimulator*]" = YES;
				"INFOPLIST_KEY_UIStatusBarStyle[sdk=iphoneos*]" = UIStatusBarStyleDefault;
				"INFOPLIST_KEY_UIStatusBarStyle[sdk=iphonesimulator*]" = UIStatusBarStyleDefault;
				INFOPLIST_KEY_UISupportedInterfaceOrientations_iPad = "UIInterfaceOrientationPortrait UIInterfaceOrientationPortraitUpsideDown UIInterfaceOrientationLandscapeLeft UIInterfaceOrientationLandscapeRight";
				INFOPLIST_KEY_UISupportedInterfaceOrientations_iPhone = "UIInterfaceOrientationPortrait UIInterfaceOrientationLandscapeLeft UIInterfaceOrientationLandscapeRight";
				IPHONEOS_DEPLOYMENT_TARGET = 17.2;
				LD_RUNPATH_SEARCH_PATHS = "@executable_path/Frameworks";
				"LD_RUNPATH_SEARCH_PATHS[sdk=macosx*]" = "@executable_path/../Frameworks";
				MACOSX_DEPLOYMENT_TARGET = 14.1;
				MARKETING_VERSION = 1.0;
				PRODUCT_BUNDLE_IDENTIFIER = name.joshuawilson.MyFirstApp;
				PRODUCT_NAME = "$(TARGET_NAME)";
				SDKROOT = auto;
				SUPPORTED_PLATFORMS = "iphoneos iphonesimulator macosx";
				SWIFT_EMIT_LOC_STRINGS = YES;
				SWIFT_VERSION = 5.0;
				TARGETED_DEVICE_FAMILY = "1,2";
			};
			name = Release;
		};
		055187B32BE98BED00BA0A8A /* Debug */ = {
			isa = XCBuildConfiguration;
			buildSettings = {
				ALWAYS_EMBED_SWIFT_STANDARD_LIBRARIES = YES;
				BUNDLE_LOADER = "$(TEST_HOST)";
				CODE_SIGN_STYLE = Automatic;
				CURRENT_PROJECT_VERSION = 1;
				DEVELOPMENT_TEAM = G76N79N93U;
				GENERATE_INFOPLIST_FILE = YES;
				IPHONEOS_DEPLOYMENT_TARGET = 17.2;
				MACOSX_DEPLOYMENT_TARGET = 14.1;
				MARKETING_VERSION = 1.0;
				PRODUCT_BUNDLE_IDENTIFIER = name.joshuawilson.MyFirstAppTests;
				PRODUCT_NAME = "$(TARGET_NAME)";
				SDKROOT = auto;
				SUPPORTED_PLATFORMS = "iphoneos iphonesimulator macosx";
				SWIFT_EMIT_LOC_STRINGS = NO;
				SWIFT_VERSION = 5.0;
				TARGETED_DEVICE_FAMILY = "1,2";
				TEST_HOST = "$(BUILT_PRODUCTS_DIR)/MyFirstApp.app/$(BUNDLE_EXECUTABLE_FOLDER_PATH)/MyFirstApp";
			};
			name = Debug;
		};
		055187B42BE98BED00BA0A8A /* Release */ = {
			isa = XCBuildConfiguration;
			buildSettings = {
				ALWAYS_EMBED_SWIFT_STANDARD_LIBRARIES = YES;
				BUNDLE_LOADER = "$(TEST_HOST)";
				CODE_SIGN_STYLE = Automatic;
				CURRENT_PROJECT_VERSION = 1;
				DEVELOPMENT_TEAM = G76N79N93U;
				GENERATE_INFOPLIST_FILE = YES;
				IPHONEOS_DEPLOYMENT_TARGET = 17.2;
				MACOSX_DEPLOYMENT_TARGET = 14.1;
				MARKETING_VERSION = 1.0;
				PRODUCT_BUNDLE_IDENTIFIER = name.joshuawilson.MyFirstAppTests;
				PRODUCT_NAME = "$(TARGET_NAME)";
				SDKROOT = auto;
				SUPPORTED_PLATFORMS = "iphoneos iphonesimulator macosx";
				SWIFT_EMIT_LOC_STRINGS = NO;
				SWIFT_VERSION = 5.0;
				TARGETED_DEVICE_FAMILY = "1,2";
				TEST_HOST = "$(BUILT_PRODUCTS_DIR)/MyFirstApp.app/$(BUNDLE_EXECUTABLE_FOLDER_PATH)/MyFirstApp";
			};
			name = Release;
		};
		055187B62BE98BED00BA0A8A /* Debug */ = {
			isa = XCBuildConfiguration;
			buildSettings = {
				ALWAYS_EMBED_SWIFT_STANDARD_LIBRARIES = YES;
				CODE_SIGN_STYLE = Automatic;
				CURRENT_PROJECT_VERSION = 1;
				DEVELOPMENT_TEAM = G76N79N93U;
				GENERATE_INFOPLIST_FILE = YES;
				IPHONEOS_DEPLOYMENT_TARGET = 17.2;
				MACOSX_DEPLOYMENT_TARGET = 14.1;
				MARKETING_VERSION = 1.0;
				PRODUCT_BUNDLE_IDENTIFIER = name.joshuawilson.MyFirstAppUITests;
				PRODUCT_NAME = "$(TARGET_NAME)";
				SDKROOT = auto;
				SUPPORTED_PLATFORMS = "iphoneos iphonesimulator macosx";
				SWIFT_EMIT_LOC_STRINGS = NO;
				SWIFT_VERSION = 5.0;
				TARGETED_DEVICE_FAMILY = "1,2";
				TEST_TARGET_NAME = MyFirstApp;
			};
			name = Debug;
		};
		055187B72BE98BED00BA0A8A /* Release */ = {
			isa = XCBuildConfiguration;
			buildSettings = {
				ALWAYS_EMBED_SWIFT_STANDARD_LIBRARIES = YES;
				CODE_SIGN_STYLE = Automatic;
				CURRENT_PROJECT_VERSION = 1;
				DEVELOPMENT_TEAM = G76N79N93U;
				GENERATE_INFOPLIST_FILE = YES;
				IPHONEOS_DEPLOYMENT_TARGET = 17.2;
				MACOSX_DEPLOYMENT_TARGET = 14.1;
				MARKETING_VERSION = 1.0;
				PRODUCT_BUNDLE_IDENTIFIER = name.joshuawilson.MyFirstAppUITests;
				PRODUCT_NAME = "$(TARGET_NAME)";
				SDKROOT = auto;
				SUPPORTED_PLATFORMS = "iphoneos iphonesimulator macosx";
				SWIFT_EMIT_LOC_STRINGS = NO;
				SWIFT_VERSION = 5.0;
				TARGETED_DEVICE_FAMILY = "1,2";
				TEST_TARGET_NAME = MyFirstApp;
			};
			name = Release;
		};
/* End XCBuildConfiguration section */

/* Begin XCConfigurationList section */
		055187852BE98BEC00BA0A8A /* Build configuration list for PBXProject "MyFirstApp" */ = {
			isa = XCConfigurationList;
			buildConfigurations = (
				055187AD2BE98BED00BA0A8A /* Debug */,
				055187AE2BE98BED00BA0A8A /* Release */,
			);
			defaultConfigurationIsVisible = 0;
			defaultConfigurationName = Release;
		};
		055187AF2BE98BED00BA0A8A /* Build configuration list for PBXNativeTarget "MyFirstApp" */ = {
			isa = XCConfigurationList;
			buildConfigurations = (
				055187B02BE98BED00BA0A8A /* Debug */,
				055187B12BE98BED00BA0A8A /* Release */,
			);
			defaultConfigurationIsVisible = 0;
			defaultConfigurationName = Release;
		};
		055187B22BE98BED00BA0A8A /* Build configuration list for PBXNativeTarget "MyFirstAppTests" */ = {
			isa = XCConfigurationList;
			buildConfigurations = (
				055187B32BE98BED00BA0A8A /* Debug */,
				055187B42BE98BED00BA0A8A /* Release */,
			);
			defaultConfigurationIsVisible = 0;
			defaultConfigurationName = Release;
		};
		055187B52BE98BED00BA0A8A /* Build configuration list for PBXNativeTarget "MyFirstAppUITests" */ = {
			isa = XCConfigurationList;
			buildConfigurations = (
				055187B62BE98BED00BA0A8A /* Debug */,
				055187B72BE98BED00BA0A8A /* Release */,
			);
			defaultConfigurationIsVisible = 0;
			defaultConfigurationName = Release;
		};
/* End XCConfigurationList section */
	};
	rootObject = 055187822BE98BEC00BA0A8A /* Project object */;
}
